
Microsoft Visual Studio Solution File, Format Version 12.00
# Visual Studio 14
VisualStudioVersion = 14.0.25420.1
MinimumVisualStudioVersion = 10.0.40219.1
Project("{8BC9CEB8-8B4A-11D0-8D11-00A0C91BC942}") = "BoardGameEngine", "BoardGameEngine\BoardGameEngine.vcxproj", "{DC4026DB-585B-4FD8-9576-0D9257A68D5C}"
EndProject
Project("{8BC9CEB8-8B4A-11D0-8D11-00A0C91BC942}") = "BoardGameEngineTest", "BoardGameEngineTest\BoardGameEngineTest\BoardGameEngineTest.vcxproj", "{9262D296-6B35-4637-ADFE-2FF550633966}"
EndProject
Project("{8BC9CEB8-8B4A-11D0-8D11-00A0C91BC942}") = "BoardGames", "BoardGames\BoardGames\BoardGames.vcxproj", "{2DA90862-8B52-4819-873A-E3A6A4924631}"
EndProject
Project("{8BC9CEB8-8B4A-11D0-8D11-00A0C91BC942}") = "BoardGameUI", "BoardGameUI\BoardGameUI\BoardGameUI.vcxproj", "{8D2EC7BA-E641-4823-AA44-14B7910A60C2}"
EndProject
Global
	GlobalSection(SolutionConfigurationPlatforms) = preSolution
		Debug|x64 = Debug|x64
		Debug|x86 = Debug|x86
		Release|x64 = Release|x64
		Release|x86 = Release|x86
	EndGlobalSection
	GlobalSection(ProjectConfigurationPlatforms) = postSolution
		{DC4026DB-585B-4FD8-9576-0D9257A68D5C}.Debug|x64.ActiveCfg = Debug|x64
		{DC4026DB-585B-4FD8-9576-0D9257A68D5C}.Debug|x64.Build.0 = Debug|x64
		{DC4026DB-585B-4FD8-9576-0D9257A68D5C}.Debug|x86.ActiveCfg = Debug|Win32
		{DC4026DB-585B-4FD8-9576-0D9257A68D5C}.Debug|x86.Build.0 = Debug|Win32
		{DC4026DB-585B-4FD8-9576-0D9257A68D5C}.Release|x64.ActiveCfg = Release|x64
		{DC4026DB-585B-4FD8-9576-0D9257A68D5C}.Release|x64.Build.0 = Release|x64
		{DC4026DB-585B-4FD8-9576-0D9257A68D5C}.Release|x86.ActiveCfg = Release|Win32
		{DC4026DB-585B-4FD8-9576-0D9257A68D5C}.Release|x86.Build.0 = Release|Win32
		{9262D296-6B35-4637-ADFE-2FF550633966}.Debug|x64.ActiveCfg = Debug|x64
		{9262D296-6B35-4637-ADFE-2FF550633966}.Debug|x64.Build.0 = Debug|x64
		{9262D296-6B35-4637-ADFE-2FF550633966}.Debug|x86.ActiveCfg = Debug|Win32
		{9262D296-6B35-4637-ADFE-2FF550633966}.Debug|x86.Build.0 = Debug|Win32
		{9262D296-6B35-4637-ADFE-2FF550633966}.Release|x64.ActiveCfg = Release|x64
		{9262D296-6B35-4637-ADFE-2FF550633966}.Release|x64.Build.0 = Release|x64
		{9262D296-6B35-4637-ADFE-2FF550633966}.Release|x86.ActiveCfg = Release|Win32
		{9262D296-6B35-4637-ADFE-2FF550633966}.Release|x86.Build.0 = Release|Win32
		{2DA90862-8B52-4819-873A-E3A6A4924631}.Debug|x64.ActiveCfg = Debug|x64
		{2DA90862-8B52-4819-873A-E3A6A4924631}.Debug|x64.Build.0 = Debug|x64
		{2DA90862-8B52-4819-873A-E3A6A4924631}.Debug|x86.ActiveCfg = Debug|Win32
		{2DA90862-8B52-4819-873A-E3A6A4924631}.Debug|x86.Build.0 = Debug|Win32
		{2DA90862-8B52-4819-873A-E3A6A4924631}.Release|x64.ActiveCfg = Release|x64
		{2DA90862-8B52-4819-873A-E3A6A4924631}.Release|x64.Build.0 = Release|x64
		{2DA90862-8B52-4819-873A-E3A6A4924631}.Release|x86.ActiveCfg = Release|Win32
		{2DA90862-8B52-4819-873A-E3A6A4924631}.Release|x86.Build.0 = Release|Win32
		{8D2EC7BA-E641-4823-AA44-14B7910A60C2}.Debug|x64.ActiveCfg = Debug|x64
		{8D2EC7BA-E641-4823-AA44-14B7910A60C2}.Debug|x64.Build.0 = Debug|x64
		{8D2EC7BA-E641-4823-AA44-14B7910A60C2}.Debug|x86.ActiveCfg = Debug|Win32
		{8D2EC7BA-E641-4823-AA44-14B7910A60C2}.Debug|x86.Build.0 = Debug|Win32
		{8D2EC7BA-E641-4823-AA44-14B7910A60C2}.Release|x64.ActiveCfg = Release|x64
		{8D2EC7BA-E641-4823-AA44-14B7910A60C2}.Release|x64.Build.0 = Release|x64
		{8D2EC7BA-E641-4823-AA44-14B7910A60C2}.Release|x86.ActiveCfg = Release|Win32
		{8D2EC7BA-E641-4823-AA44-14B7910A60C2}.Release|x86.Build.0 = Release|Win32
	EndGlobalSection
	GlobalSection(SolutionProperties) = preSolution
		HideSolutionNode = FALSE
	EndGlobalSection
EndGlobal
